Microsoft Visual Studio Solution File, Format Version 12.00
# Visual Studio Version 17
VisualStudioVersion = 17.5.2.0
MinimumVisualStudioVersion = 10.0.40219.1
Project("{FAE04EC0-301F-11D3-BF4B-00C04F79EFBC}") = "WwvDecoder", "WwvDecoder.csproj", "{BA418EEC-D1E0-BF6C-7510-E8E916176205}"
EndProject
Global
	GlobalSection(SolutionConfigurationPlatforms) = preSolution
		Debug|Any CPU = Debug|Any CPU
		Release|Any CPU = Release|Any CPU
	EndGlobalSection
	GlobalSection(ProjectConfigurationPlatforms) = postSolution
		{BA418EEC-D1E0-BF6C-7510-E8E916176205}.Debug|Any CPU.ActiveCfg = Debug|Any CPU
		{BA418EEC-D1E0-BF6C-7510-E8E916176205}.Debug|Any CPU.Build.0 = Debug|Any CPU
		{BA418EEC-D1E0-BF6C-7510-E8E916176205}.Release|Any CPU.ActiveCfg = Release|Any CPU
		{BA418EEC-D1E0-BF6C-7510-E8E916176205}.Release|Any CPU.Build.0 = Release|Any CPU
	EndGlobalSection
	GlobalSection(SolutionProperties) = preSolution
		HideSolutionNode = FALSE
	EndGlobalSection
	GlobalSection(ExtensibilityGlobals) = postSolution
		SolutionGuid = {9D18F70A-1D43-491E-988D-C84EFBD3CCAE}
	EndGlobalSection
EndGlobal
